// !$*UTF8*$!
{
	archiveVersion = 1;
	classes = {
	};
	objectVersion = 50;
	objects = {

/* Begin PBXBuildFile section */
		40C791DC21A0428000433A8C /* AppDelegate.swift in Sources */ = {isa = PBXBuildFile; fileRef = 40C791DB21A0428000433A8C /* AppDelegate.swift */; };
		40C791DE21A0428100433A8C /* Assets.xcassets in Resources */ = {isa = PBXBuildFile; fileRef = 40C791DD21A0428100433A8C /* Assets.xcassets */; };
		40C791E121A0428100433A8C /* MainMenu.xib in Resources */ = {isa = PBXBuildFile; fileRef = 40C791DF21A0428100433A8C /* MainMenu.xib */; };
		40C791EA21A0474500433A8C /* MainViewController.swift in Sources */ = {isa = PBXBuildFile; fileRef = 40C791E921A0474500433A8C /* MainViewController.swift */; };
		40C791EC21A04A4800433A8C /* PointView.swift in Sources */ = {isa = PBXBuildFile; fileRef = 40C791EB21A04A4800433A8C /* PointView.swift */; };
		40C791EE21A04CFB00433A8C /* CanvasView.swift in Sources */ = {isa = PBXBuildFile; fileRef = 40C791ED21A04CFB00433A8C /* CanvasView.swift */; };
		40C791F221A07BC300433A8C /* Bezier.swift in Sources */ = {isa = PBXBuildFile; fileRef = 40C791F121A07BC300433A8C /* Bezier.swift */; };
		40C791F421A0950100433A8C /* Colors.swift in Sources */ = {isa = PBXBuildFile; fileRef = 40C791F321A0950100433A8C /* Colors.swift */; };
/* End PBXBuildFile section */

/* Begin PBXFileReference section */
		40C791D821A0428000433A8C /* Bezier.app */ = {isa = PBXFileReference; explicitFileType = wrapper.application; includeInIndex = 0; path = Bezier.app; sourceTree = BUILT_PRODUCTS_DIR; };
		40C791DB21A0428000433A8C /* AppDelegate.swift */ = {isa = PBXFileReference; lastKnownFileType = sourcecode.swift; path = AppDelegate.swift; sourceTree = "<group>"; };
		40C791DD21A0428100433A8C /* Assets.xcassets */ = {isa = PBXFileReference; lastKnownFileType = folder.assetcatalog; path = Assets.xcassets; sourceTree = "<group>"; };
		40C791E021A0428100433A8C /* Base */ = {isa = PBXFileReference; lastKnownFileType = file.xib; name = Base; path = Base.lproj/MainMenu.xib; sourceTree = "<group>"; };
		40C791E221A0428100433A8C /* Info.plist */ = {isa = PBXFileReference; lastKnownFileType = text.plist.xml; path = Info.plist; sourceTree = "<group>"; };
		40C791E321A0428100433A8C /* Bezier.entitlements */ = {isa = PBXFileReference; lastKnownFileType = text.plist.entitlements; path = Bezier.entitlements; sourceTree = "<group>"; };
		40C791E921A0474500433A8C /* MainViewController.swift */ = {isa = PBXFileReference; lastKnownFileType = sourcecode.swift; path = MainViewController.swift; sourceTree = "<group>"; };
		40C791EB21A04A4800433A8C /* PointView.swift */ = {isa = PBXFileReference; lastKnownFileType = sourcecode.swift; path = PointView.swift; sourceTree = "<group>"; };
		40C791ED21A04CFB00433A8C /* CanvasView.swift */ = {isa = PBXFileReference; lastKnownFileType = sourcecode.swift; path = CanvasView.swift; sourceTree = "<group>"; };
		40C791F121A07BC300433A8C /* Bezier.swift */ = {isa = PBXFileReference; lastKnownFileType = sourcecode.swift; path = Bezier.swift; sourceTree = "<group>"; };
		40C791F321A0950100433A8C /* Colors.swift */ = {isa = PBXFileReference; lastKnownFileType = sourcecode.swift; path = Colors.swift; sourceTree = "<group>"; };
/* End PBXFileReference section */

/* Begin PBXFrameworksBuildPhase section */
		40C791D521A0428000433A8C /* Frameworks */ = {
			isa = PBXFrameworksBuildPhase;
			buildActionMask = 2147483647;
			files = (
			);
			runOnlyForDeploymentPostprocessing = 0;
		};
/* End PBXFrameworksBuildPhase section */

/* Begin PBXGroup section */
		40C791CF21A0428000433A8C = {
			isa = PBXGroup;
			children = (
				40C791DA21A0428000433A8C /* Bezier */,
				40C791D921A0428000433A8C /* Products */,
			);
			sourceTree = "<group>";
		};
		40C791D921A0428000433A8C /* Products */ = {
			isa = PBXGroup;
			children = (
				40C791D821A0428000433A8C /* Bezier.app */,
			);
			name = Products;
			sourceTree = "<group>";
		};
		40C791DA21A0428000433A8C /* Bezier */ = {
			isa = PBXGroup;
			children = (
				40C791DB21A0428000433A8C /* AppDelegate.swift */,
				40C791E921A0474500433A8C /* MainViewController.swift */,
				40C791EB21A04A4800433A8C /* PointView.swift */,
				40C791ED21A04CFB00433A8C /* CanvasView.swift */,
				40C791F121A07BC300433A8C /* Bezier.swift */,
				40C791F321A0950100433A8C /* Colors.swift */,
				40C791DD21A0428100433A8C /* Assets.xcassets */,
				40C791DF21A0428100433A8C /* MainMenu.xib */,
				40C791E221A0428100433A8C /* Info.plist */,
				40C791E321A0428100433A8C /* Bezier.entitlements */,
			);
			path = Bezier;
			sourceTree = "<group>";
		};
/* End PBXGroup section */

/* Begin PBXNativeTarget section */
		40C791D721A0428000433A8C /* Bezier */ = {
			isa = PBXNativeTarget;
			buildConfigurationList = 40C791E621A0428100433A8C /* Build configuration list for PBXNativeTarget "Bezier" */;
			buildPhases = (
				40C791D421A0428000433A8C /* Sources */,
				40C791D521A0428000433A8C /* Frameworks */,
				40C791D621A0428000433A8C /* Resources */,
			);
			buildRules = (
			);
			dependencies = (
			);
			name = Bezier;
			productName = Bezier;
			productReference = 40C791D821A0428000433A8C /* Bezier.app */;
			productType = "com.apple.product-type.application";
		};
/* End PBXNativeTarget section */

/* Begin PBXProject section */
		40C791D021A0428000433A8C /* Project object */ = {
			isa = PBXProject;
			attributes = {
				LastSwiftUpdateCheck = 1010;
				LastUpgradeCheck = 1010;
				ORGANIZATIONNAME = "Paweł Wszeborowski";
				TargetAttributes = {
					40C791D721A0428000433A8C = {
						CreatedOnToolsVersion = 10.1;
					};
				};
			};
			buildConfigurationList = 40C791D321A0428000433A8C /* Build configuration list for PBXProject "Bezier" */;
			compatibilityVersion = "Xcode 9.3";
			developmentRegion = en;
			hasScannedForEncodings = 0;
			knownRegions = (
				en,
				Base,
			);
			mainGroup = 40C791CF21A0428000433A8C;
			productRefGroup = 40C791D921A0428000433A8C /* Products */;
			projectDirPath = "";
			projectRoot = "";
			targets = (
				40C791D721A0428000433A8C /* Bezier */,
			);
		};
/* End PBXProject section */

/* Begin PBXResourcesBuildPhase section */
		40C791D621A0428000433A8C /* Resources */ = {
			isa = PBXResourcesBuildPhase;
			buildActionMask = 2147483647;
			files = (
				40C791DE21A0428100433A8C /* Assets.xcassets in Resources */,
				40C791E121A0428100433A8C /* MainMenu.xib in Resources */,
			);
			runOnlyForDeploymentPostprocessing = 0;
		};
/* End PBXResourcesBuildPhase section */

/* Begin PBXSourcesBuildPhase section */
		40C791D421A0428000433A8C /* Sources */ = {
			isa = PBXSourcesBuildPhase;
			buildActionMask = 2147483647;
			files = (
				40C791F221A07BC300433A8C /* Bezier.swift in Sources */,
				40C791F421A0950100433A8C /* Colors.swift in Sources */,
				40C791EC21A04A4800433A8C /* PointView.swift in Sources */,
				40C791DC21A0428000433A8C /* AppDelegate.swift in Sources */,
				40C791EE21A04CFB00433A8C /* CanvasView.swift in Sources */,
				40C791EA21A0474500433A8C /* MainViewController.swift in Sources */,
			);
			runOnlyForDeploymentPostprocessing = 0;
		};
/* End PBXSourcesBuildPhase section */

/* Begin PBXVariantGroup section */
		40C791DF21A0428100433A8C /* MainMenu.xib */ = {
			isa = PBXVariantGroup;
			children = (
				40C791E021A0428100433A8C /* Base */,
			);
			name = MainMenu.xib;
			sourceTree = "<group>";
		};
/* End PBXVariantGroup section */

/* Begin XCBuildConfiguration section */
		40C791E421A0428100433A8C /* Debug */ = {
			isa = XCBuildConfiguration;
			buildSettings = {
				ALWAYS_SEARCH_USER_PATHS = NO;
				CLANG_ANALYZER_NONNULL = YES;
				CLANG_ANALYZER_NUMBER_OBJECT_CONVERSION = YES_AGGRESSIVE;
				CLANG_CXX_LANGUAGE_STANDARD = "gnu++14";
				CLANG_CXX_LIBRARY = "libc++";
				CLANG_ENABLE_MODULES = YES;
				CLANG_ENABLE_OBJC_ARC = YES;
				CLANG_ENABLE_OBJC_WEAK = YES;
				CLANG_WARN_BLOCK_CAPTURE_AUTORELEASING = YES;
				CLANG_WARN_BOOL_CONVERSION = YES;
				CLANG_WARN_COMMA = YES;
				CLANG_WARN_CONSTANT_CONVERSION = YES;
				CLANG_WARN_DEPRECATED_OBJC_IMPLEMENTATIONS = YES;
				CLANG_WARN_DIRECT_OBJC_ISA_USAGE = YES_ERROR;
				CLANG_WARN_DOCUMENTATION_COMMENTS = YES;
				CLANG_WARN_EMPTY_BODY = YES;
				CLANG_WARN_ENUM_CONVERSION = YES;
				CLANG_WARN_INFINITE_RECURSION = YES;
				CLANG_WARN_INT_CONVERSION = YES;
				CLANG_WARN_NON_LITERAL_NULL_CONVERSION = YES;
				CLANG_WARN_OBJC_IMPLICIT_RETAIN_SELF = YES;
				CLANG_WARN_OBJC_LITERAL_CONVERSION = YES;
				CLANG_WARN_OBJC_ROOT_CLASS = YES_ERROR;
				CLANG_WARN_RANGE_LOOP_ANALYSIS = YES;
				CLANG_WARN_STRICT_PROTOTYPES = YES;
				CLANG_WARN_SUSPICIOUS_MOVE = YES;
				CLANG_WARN_UNGUARDED_AVAILABILITY = YES_AGGRESSIVE;
				CLANG_WARN_UNREACHABLE_CODE = YES;
				CLANG_WARN__DUPLICATE_METHOD_MATCH = YES;
				CODE_SIGN_IDENTITY = "Mac Developer";
				COPY_PHASE_STRIP = NO;
				DEBUG_INFORMATION_FORMAT = dwarf;
				ENABLE_STRICT_OBJC_MSGSEND = YES;
				ENABLE_TESTABILITY = YES;
				GCC_C_LANGUAGE_STANDARD = gnu11;
				GCC_DYNAMIC_NO_PIC = NO;
				GCC_NO_COMMON_BLOCKS = YES;
				GCC_OPTIMIZATION_LEVEL = 0;
				GCC_PREPROCESSOR_DEFINITIONS = (
					"DEBUG=1",
					"$(inherited)",
				);
				GCC_WARN_64_TO_32_BIT_CONVERSION = YES;
				GCC_WARN_ABOUT_RETURN_TYPE = YES_ERROR;
				GCC_WARN_UNDECLARED_SELECTOR = YES;
				GCC_WARN_UNINITIALIZED_AUTOS = YES_AGGRESSIVE;
				GCC_WARN_UNUSED_FUNCTION = YES;
				GCC_WARN_UNUSED_VARIABLE = YES;
				MACOSX_DEPLOYMENT_TARGET = 10.14;
				MTL_ENABLE_DEBUG_INFO = INCLUDE_SOURCE;
				MTL_FAST_MATH = YES;
				ONLY_ACTIVE_ARCH = YES;
				SDKROOT = macosx;
				SWIFT_ACTIVE_COMPILATION_CONDITIONS = DEBUG;
				SWIFT_OPTIMIZATION_LEVEL = "-Onone";
			};
			name = Debug;
		};
		40C791E521A0428100433A8C /* Release */ = {
			isa = XCBuildConfiguration;
			buildSettings = {
				ALWAYS_SEARCH_USER_PATHS = NO;
				CLANG_ANALYZER_NONNULL = YES;
				CLANG_ANALYZER_NUMBER_OBJECT_CONVERSION = YES_AGGRESSIVE;
				CLANG_CXX_LANGUAGE_STANDARD = "gnu++14";
				CLANG_CXX_LIBRARY = "libc++";
				CLANG_ENABLE_MODULES = YES;
				CLANG_ENABLE_OBJC_ARC = YES;
				CLANG_ENABLE_OBJC_WEAK = YES;
				CLANG_WARN_BLOCK_CAPTURE_AUTORELEASING = YES;
				CLANG_WARN_BOOL_CONVERSION = YES;
				CLANG_WARN_COMMA = YES;
				CLANG_WARN_CONSTANT_CONVERSION = YES;
				CLANG_WARN_DEPRECATED_OBJC_IMPLEMENTATIONS = YES;
				CLANG_WARN_DIRECT_OBJC_ISA_USAGE = YES_ERROR;
				CLANG_WARN_DOCUMENTATION_COMMENTS = YES;
				CLANG_WARN_EMPTY_BODY = YES;
				CLANG_WARN_ENUM_CONVERSION = YES;
				CLANG_WARN_INFINITE_RECURSION = YES;
				CLANG_WARN_INT_CONVERSION = YES;
				CLANG_WARN_NON_LITERAL_NULL_CONVERSION = YES;
				CLANG_WARN_OBJC_IMPLICIT_RETAIN_SELF = YES;
				CLANG_WARN_OBJC_LITERAL_CONVERSION = YES;
				CLANG_WARN_OBJC_ROOT_CLASS = YES_ERROR;
				CLANG_WARN_RANGE_LOOP_ANALYSIS = YES;
				CLANG_WARN_STRICT_PROTOTYPES = YES;
				CLANG_WARN_SUSPICIOUS_MOVE = YES;
				CLANG_WARN_UNGUARDED_AVAILABILITY = YES_AGGRESSIVE;
				CLANG_WARN_UNREACHABLE_CODE = YES;
				CLANG_WARN__DUPLICATE_METHOD_MATCH = YES;
				CODE_SIGN_IDENTITY = "Mac Developer";
				COPY_PHASE_STRIP = NO;
				DEBUG_INFORMATION_FORMAT = "dwarf-with-dsym";
				ENABLE_NS_ASSERTIONS = NO;
				ENABLE_STRICT_OBJC_MSGSEND = YES;
				GCC_C_LANGUAGE_STANDARD = gnu11;
				GCC_NO_COMMON_BLOCKS = YES;
				GCC_WARN_64_TO_32_BIT_CONVERSION = YES;
				GCC_WARN_ABOUT_RETURN_TYPE = YES_ERROR;
				GCC_WARN_UNDECLARED_SELECTOR = YES;
				GCC_WARN_UNINITIALIZED_AUTOS = YES_AGGRESSIVE;
				GCC_WARN_UNUSED_FUNCTION = YES;
				GCC_WARN_UNUSED_VARIABLE = YES;
				MACOSX_DEPLOYMENT_TARGET = 10.14;
				MTL_ENABLE_DEBUG_INFO = NO;
				MTL_FAST_MATH = YES;
				SDKROOT = macosx;
				SWIFT_COMPILATION_MODE = wholemodule;
				SWIFT_OPTIMIZATION_LEVEL = "-O";
			};
			name = Release;
		};
		40C791E721A0428100433A8C /* Debug */ = {
			isa = XCBuildConfiguration;
			buildSettings = {
				ASSETCATALOG_COMPILER_APPICON_NAME = AppIcon;
				CODE_SIGN_ENTITLEMENTS = Bezier/Bezier.entitlements;
				CODE_SIGN_STYLE = Automatic;
				COMBINE_HIDPI_IMAGES = YES;
				DEVELOPMENT_TEAM = 653N2E8TL4;
				INFOPLIST_FILE = Bezier/Info.plist;
				LD_RUNPATH_SEARCH_PATHS = (
					"$(inherited)",
					"@executable_path/../Frameworks",
				);
				PRODUCT_BUNDLE_IDENTIFIER = com.pwszebor.Bezier;
				PRODUCT_NAME = "$(TARGET_NAME)";
				SWIFT_VERSION = 4.2;
			};
			name = Debug;
		};
		40C791E821A0428100433A8C /* Release */ = {
			isa = XCBuildConfiguration;
			buildSettings = {
				ASSETCATALOG_COMPILER_APPICON_NAME = AppIcon;
				CODE_SIGN_ENTITLEMENTS = Bezier/Bezier.entitlements;
				CODE_SIGN_STYLE = Automatic;
				COMBINE_HIDPI_IMAGES = YES;
				DEVELOPMENT_TEAM = 653N2E8TL4;
				INFOPLIST_FILE = Bezier/Info.plist;
				LD_RUNPATH_SEARCH_PATHS = (
					"$(inherited)",
					"@executable_path/../Frameworks",
				);
				PRODUCT_BUNDLE_IDENTIFIER = com.pwszebor.Bezier;
				PRODUCT_NAME = "$(TARGET_NAME)";
				SWIFT_VERSION = 4.2;
			};
			name = Release;
		};
/* End XCBuildConfiguration section */

/* Begin XCConfigurationList section */
		40C791D321A0428000433A8C /* Build configuration list for PBXProject "Bezier" */ = {
			isa = XCConfigurationList;
			buildConfigurations = (
				40C791E421A0428100433A8C /* Debug */,
				40C791E521A0428100433A8C /* Release */,
			);
			defaultConfigurationIsVisible = 0;
			defaultConfigurationName = Release;
		};
		40C791E621A0428100433A8C /* Build configuration list for PBXNativeTarget "Bezier" */ = {
			isa = XCConfigurationList;
			buildConfigurations = (
				40C791E721A0428100433A8C /* Debug */,
				40C791E821A0428100433A8C /* Release */,
			);
			defaultConfigurationIsVisible = 0;
			defaultConfigurationName = Release;
		};
/* End XCConfigurationList section */
	};
	rootObject = 40C791D021A0428000433A8C /* Project object */;
}
